
Microsoft Visual Studio Solution File, Format Version 12.00
# Visual Studio Version 16
VisualStudioVersion = 16.0.29324.140
MinimumVisualStudioVersion = 10.0.40219.1
Project("{FAE04EC0-301F-11D3-BF4B-00C04F79EFBC}") = "ASP_Core_EF", "ASP_Core_EF\ASP_Core_EF.csproj", "{0D14146D-EFCF-4E51-B189-9DAB12993E0C}"
EndProject
Global
	GlobalSection(SolutionConfigurationPlatforms) = preSolution
		Debug|Any CPU = Debug|Any CPU
		Release|Any CPU = Release|Any CPU
	EndGlobalSection
	GlobalSection(ProjectConfigurationPlatforms) = postSolution
		{0D14146D-EFCF-4E51-B189-9DAB12993E0C}.Debug|Any CPU.ActiveCfg = Debug|Any CPU
		{0D14146D-EFCF-4E51-B189-9DAB12993E0C}.Debug|Any CPU.Build.0 = Debug|Any CPU
		{0D14146D-EFCF-4E51-B189-9DAB12993E0C}.Release|Any CPU.ActiveCfg = Release|Any CPU
		{0D14146D-EFCF-4E51-B189-9DAB12993E0C}.Release|Any CPU.Build.0 = Release|Any CPU
	EndGlobalSection
	GlobalSection(SolutionProperties) = preSolution
		HideSolutionNode = FALSE
	EndGlobalSection
	GlobalSection(ExtensibilityGlobals) = postSolution
		SolutionGuid = {5420E660-BB45-4BE8-9532-00C36F390346}
	EndGlobalSection
EndGlobal
